
Microsoft Visual Studio Solution File, Format Version 12.00
# Visual Studio Version 17
VisualStudioVersion = 17.3.32825.248
MinimumVisualStudioVersion = 10.0.40219.1
Project("{FAE04EC0-301F-11D3-BF4B-00C04F79EFBC}") = "ManageAccommodation", "ManageAccommodation\ManageAccommodation.csproj", "{5E048725-4808-46B8-9F8E-D99A047086CF}"
EndProject
Global
	GlobalSection(SolutionConfigurationPlatforms) = preSolution
		Debug|Any CPU = Debug|Any CPU
		Release|Any CPU = Release|Any CPU
	EndGlobalSection
	GlobalSection(ProjectConfigurationPlatforms) = postSolution
		{5E048725-4808-46B8-9F8E-D99A047086CF}.Debug|Any CPU.ActiveCfg = Debug|Any CPU
		{5E048725-4808-46B8-9F8E-D99A047086CF}.Debug|Any CPU.Build.0 = Debug|Any CPU
		{5E048725-4808-46B8-9F8E-D99A047086CF}.Release|Any CPU.ActiveCfg = Release|Any CPU
		{5E048725-4808-46B8-9F8E-D99A047086CF}.Release|Any CPU.Build.0 = Release|Any CPU
	EndGlobalSection
	GlobalSection(SolutionProperties) = preSolution
		HideSolutionNode = FALSE
	EndGlobalSection
	GlobalSection(ExtensibilityGlobals) = postSolution
		SolutionGuid = {3EB0EFDA-88FF-4CC0-B6A1-DEA85721EE69}
	EndGlobalSection
EndGlobal
